// !$*UTF8*$!
{
	archiveVersion = 1;
	classes = {
	};
	objectVersion = 56;
	objects = {

/* Begin PBXBuildFile section */
		7C41D28B2B73B0710072FEB8 /* iTeckTestApp.swift in Sources */ = {isa = PBXBuildFile; fileRef = 7C41D28A2B73B0710072FEB8 /* iTeckTestApp.swift */; };
		7C41D28D2B73B0710072FEB8 /* ContentView.swift in Sources */ = {isa = PBXBuildFile; fileRef = 7C41D28C2B73B0710072FEB8 /* ContentView.swift */; };
		7C41D28F2B73B0760072FEB8 /* Assets.xcassets in Resources */ = {isa = PBXBuildFile; fileRef = 7C41D28E2B73B0760072FEB8 /* Assets.xcassets */; };
		7C41D2922B73B0760072FEB8 /* Preview Assets.xcassets in Resources */ = {isa = PBXBuildFile; fileRef = 7C41D2912B73B0760072FEB8 /* Preview Assets.xcassets */; };
		7C41D29C2B73B0760072FEB8 /* iTeckTestTests.swift in Sources */ = {isa = PBXBuildFile; fileRef = 7C41D29B2B73B0760072FEB8 /* iTeckTestTests.swift */; };
		7C41D2A62B73B0760072FEB8 /* iTeckTestUITests.swift in Sources */ = {isa = PBXBuildFile; fileRef = 7C41D2A52B73B0760072FEB8 /* iTeckTestUITests.swift */; };
		7C41D2A82B73B0760072FEB8 /* iTeckTestUITestsLaunchTests.swift in Sources */ = {isa = PBXBuildFile; fileRef = 7C41D2A72B73B0760072FEB8 /* iTeckTestUITestsLaunchTests.swift */; };
/* End PBXBuildFile section */

/* Begin PBXContainerItemProxy section */
		7C41D2982B73B0760072FEB8 /* PBXContainerItemProxy */ = {
			isa = PBXContainerItemProxy;
			containerPortal = 7C41D27F2B73B0710072FEB8 /* Project object */;
			proxyType = 1;
			remoteGlobalIDString = 7C41D2862B73B0710072FEB8;
			remoteInfo = iTeckTest;
		};
		7C41D2A22B73B0760072FEB8 /* PBXContainerItemProxy */ = {
			isa = PBXContainerItemProxy;
			containerPortal = 7C41D27F2B73B0710072FEB8 /* Project object */;
			proxyType = 1;
			remoteGlobalIDString = 7C41D2862B73B0710072FEB8;
			remoteInfo = iTeckTest;
		};
/* End PBXContainerItemProxy section */

/* Begin PBXFileReference section */
		7C41D2872B73B0710072FEB8 /* iTeckTest.app */ = {isa = PBXFileReference; explicitFileType = wrapper.application; includeInIndex = 0; path = iTeckTest.app; sourceTree = BUILT_PRODUCTS_DIR; };
		7C41D28A2B73B0710072FEB8 /* iTeckTestApp.swift */ = {isa = PBXFileReference; lastKnownFileType = sourcecode.swift; path = iTeckTestApp.swift; sourceTree = "<group>"; };
		7C41D28C2B73B0710072FEB8 /* ContentView.swift */ = {isa = PBXFileReference; lastKnownFileType = sourcecode.swift; path = ContentView.swift; sourceTree = "<group>"; };
		7C41D28E2B73B0760072FEB8 /* Assets.xcassets */ = {isa = PBXFileReference; lastKnownFileType = folder.assetcatalog; path = Assets.xcassets; sourceTree = "<group>"; };
		7C41D2912B73B0760072FEB8 /* Preview Assets.xcassets */ = {isa = PBXFileReference; lastKnownFileType = folder.assetcatalog; path = "Preview Assets.xcassets"; sourceTree = "<group>"; };
		7C41D2972B73B0760072FEB8 /* iTeckTestTests.xctest */ = {isa = PBXFileReference; explicitFileType = wrapper.cfbundle; includeInIndex = 0; path = iTeckTestTests.xctest; sourceTree = BUILT_PRODUCTS_DIR; };
		7C41D29B2B73B0760072FEB8 /* iTeckTestTests.swift */ = {isa = PBXFileReference; lastKnownFileType = sourcecode.swift; path = iTeckTestTests.swift; sourceTree = "<group>"; };
		7C41D2A12B73B0760072FEB8 /* iTeckTestUITests.xctest */ = {isa = PBXFileReference; explicitFileType = wrapper.cfbundle; includeInIndex = 0; path = iTeckTestUITests.xctest; sourceTree = BUILT_PRODUCTS_DIR; };
		7C41D2A52B73B0760072FEB8 /* iTeckTestUITests.swift */ = {isa = PBXFileReference; lastKnownFileType = sourcecode.swift; path = iTeckTestUITests.swift; sourceTree = "<group>"; };
		7C41D2A72B73B0760072FEB8 /* iTeckTestUITestsLaunchTests.swift */ = {isa = PBXFileReference; lastKnownFileType = sourcecode.swift; path = iTeckTestUITestsLaunchTests.swift; sourceTree = "<group>"; };
/* End PBXFileReference section */

/* Begin PBXFrameworksBuildPhase section */
		7C41D2842B73B0710072FEB8 /* Frameworks */ = {
			isa = PBXFrameworksBuildPhase;
			buildActionMask = 2147483647;
			files = (
			);
			runOnlyForDeploymentPostprocessing = 0;
		};
		7C41D2942B73B0760072FEB8 /* Frameworks */ = {
			isa = PBXFrameworksBuildPhase;
			buildActionMask = 2147483647;
			files = (
			);
			runOnlyForDeploymentPostprocessing = 0;
		};
		7C41D29E2B73B0760072FEB8 /* Frameworks */ = {
			isa = PBXFrameworksBuildPhase;
			buildActionMask = 2147483647;
			files = (
			);
			runOnlyForDeploymentPostprocessing = 0;
		};
/* End PBXFrameworksBuildPhase section */

/* Begin PBXGroup section */
		7C41D27E2B73B0710072FEB8 = {
			isa = PBXGroup;
			children = (
				7C41D2892B73B0710072FEB8 /* iTeckTest */,
				7C41D29A2B73B0760072FEB8 /* iTeckTestTests */,
				7C41D2A42B73B0760072FEB8 /* iTeckTestUITests */,
				7C41D2882B73B0710072FEB8 /* Products */,
			);
			sourceTree = "<group>";
		};
		7C41D2882B73B0710072FEB8 /* Products */ = {
			isa = PBXGroup;
			children = (
				7C41D2872B73B0710072FEB8 /* iTeckTest.app */,
				7C41D2972B73B0760072FEB8 /* iTeckTestTests.xctest */,
				7C41D2A12B73B0760072FEB8 /* iTeckTestUITests.xctest */,
			);
			name = Products;
			sourceTree = "<group>";
		};
		7C41D2892B73B0710072FEB8 /* iTeckTest */ = {
			isa = PBXGroup;
			children = (
				7C41D28A2B73B0710072FEB8 /* iTeckTestApp.swift */,
				7C41D28C2B73B0710072FEB8 /* ContentView.swift */,
				7C41D28E2B73B0760072FEB8 /* Assets.xcassets */,
				7C41D2902B73B0760072FEB8 /* Preview Content */,
			);
			path = iTeckTest;
			sourceTree = "<group>";
		};
		7C41D2902B73B0760072FEB8 /* Preview Content */ = {
			isa = PBXGroup;
			children = (
				7C41D2912B73B0760072FEB8 /* Preview Assets.xcassets */,
			);
			path = "Preview Content";
			sourceTree = "<group>";
		};
		7C41D29A2B73B0760072FEB8 /* iTeckTestTests */ = {
			isa = PBXGroup;
			children = (
				7C41D29B2B73B0760072FEB8 /* iTeckTestTests.swift */,
			);
			path = iTeckTestTests;
			sourceTree = "<group>";
		};
		7C41D2A42B73B0760072FEB8 /* iTeckTestUITests */ = {
			isa = PBXGroup;
			children = (
				7C41D2A52B73B0760072FEB8 /* iTeckTestUITests.swift */,
				7C41D2A72B73B0760072FEB8 /* iTeckTestUITestsLaunchTests.swift */,
			);
			path = iTeckTestUITests;
			sourceTree = "<group>";
		};
/* End PBXGroup section */

/* Begin PBXNativeTarget section */
		7C41D2862B73B0710072FEB8 /* iTeckTest */ = {
			isa = PBXNativeTarget;
			buildConfigurationList = 7C41D2AB2B73B0760072FEB8 /* Build configuration list for PBXNativeTarget "iTeckTest" */;
			buildPhases = (
				7C41D2832B73B0710072FEB8 /* Sources */,
				7C41D2842B73B0710072FEB8 /* Frameworks */,
				7C41D2852B73B0710072FEB8 /* Resources */,
			);
			buildRules = (
			);
			dependencies = (
			);
			name = iTeckTest;
			productName = iTeckTest;
			productReference = 7C41D2872B73B0710072FEB8 /* iTeckTest.app */;
			productType = "com.apple.product-type.application";
		};
		7C41D2962B73B0760072FEB8 /* iTeckTestTests */ = {
			isa = PBXNativeTarget;
			buildConfigurationList = 7C41D2AE2B73B0760072FEB8 /* Build configuration list for PBXNativeTarget "iTeckTestTests" */;
			buildPhases = (
				7C41D2932B73B0760072FEB8 /* Sources */,
				7C41D2942B73B0760072FEB8 /* Frameworks */,
				7C41D2952B73B0760072FEB8 /* Resources */,
			);
			buildRules = (
			);
			dependencies = (
				7C41D2992B73B0760072FEB8 /* PBXTargetDependency */,
			);
			name = iTeckTestTests;
			productName = iTeckTestTests;
			productReference = 7C41D2972B73B0760072FEB8 /* iTeckTestTests.xctest */;
			productType = "com.apple.product-type.bundle.unit-test";
		};
		7C41D2A02B73B0760072FEB8 /* iTeckTestUITests */ = {
			isa = PBXNativeTarget;
			buildConfigurationList = 7C41D2B12B73B0760072FEB8 /* Build configuration list for PBXNativeTarget "iTeckTestUITests" */;
			buildPhases = (
				7C41D29D2B73B0760072FEB8 /* Sources */,
				7C41D29E2B73B0760072FEB8 /* Frameworks */,
				7C41D29F2B73B0760072FEB8 /* Resources */,
			);
			buildRules = (
			);
			dependencies = (
				7C41D2A32B73B0760072FEB8 /* PBXTargetDependency */,
			);
			name = iTeckTestUITests;
			productName = iTeckTestUITests;
			productReference = 7C41D2A12B73B0760072FEB8 /* iTeckTestUITests.xctest */;
			productType = "com.apple.product-type.bundle.ui-testing";
		};
/* End PBXNativeTarget section */

/* Begin PBXProject section */
		7C41D27F2B73B0710072FEB8 /* Project object */ = {
			isa = PBXProject;
			attributes = {
				BuildIndependentTargetsInParallel = 1;
				LastSwiftUpdateCheck = 1430;
				LastUpgradeCheck = 1430;
				TargetAttributes = {
					7C41D2862B73B0710072FEB8 = {
						CreatedOnToolsVersion = 14.3.1;
					};
					7C41D2962B73B0760072FEB8 = {
						CreatedOnToolsVersion = 14.3.1;
						TestTargetID = 7C41D2862B73B0710072FEB8;
					};
					7C41D2A02B73B0760072FEB8 = {
						CreatedOnToolsVersion = 14.3.1;
						TestTargetID = 7C41D2862B73B0710072FEB8;
					};
				};
			};
			buildConfigurationList = 7C41D2822B73B0710072FEB8 /* Build configuration list for PBXProject "iTeckTest" */;
			compatibilityVersion = "Xcode 14.0";
			developmentRegion = en;
			hasScannedForEncodings = 0;
			knownRegions = (
				en,
				Base,
			);
			mainGroup = 7C41D27E2B73B0710072FEB8;
			productRefGroup = 7C41D2882B73B0710072FEB8 /* Products */;
			projectDirPath = "";
			projectRoot = "";
			targets = (
				7C41D2862B73B0710072FEB8 /* iTeckTest */,
				7C41D2962B73B0760072FEB8 /* iTeckTestTests */,
				7C41D2A02B73B0760072FEB8 /* iTeckTestUITests */,
			);
		};
/* End PBXProject section */

/* Begin PBXResourcesBuildPhase section */
		7C41D2852B73B0710072FEB8 /* Resources */ = {
			isa = PBXResourcesBuildPhase;
			buildActionMask = 2147483647;
			files = (
				7C41D2922B73B0760072FEB8 /* Preview Assets.xcassets in Resources */,
				7C41D28F2B73B0760072FEB8 /* Assets.xcassets in Resources */,
			);
			runOnlyForDeploymentPostprocessing = 0;
		};
		7C41D2952B73B0760072FEB8 /* Resources */ = {
			isa = PBXResourcesBuildPhase;
			buildActionMask = 2147483647;
			files = (
			);
			runOnlyForDeploymentPostprocessing = 0;
		};
		7C41D29F2B73B0760072FEB8 /* Resources */ = {
			isa = PBXResourcesBuildPhase;
			buildActionMask = 2147483647;
			files = (
			);
			runOnlyForDeploymentPostprocessing = 0;
		};
/* End PBXResourcesBuildPhase section */

/* Begin PBXSourcesBuildPhase section */
		7C41D2832B73B0710072FEB8 /* Sources */ = {
			isa = PBXSourcesBuildPhase;
			buildActionMask = 2147483647;
			files = (
				7C41D28D2B73B0710072FEB8 /* ContentView.swift in Sources */,
				7C41D28B2B73B0710072FEB8 /* iTeckTestApp.swift in Sources */,
			);
			runOnlyForDeploymentPostprocessing = 0;
		};
		7C41D2932B73B0760072FEB8 /* Sources */ = {
			isa = PBXSourcesBuildPhase;
			buildActionMask = 2147483647;
			files = (
				7C41D29C2B73B0760072FEB8 /* iTeckTestTests.swift in Sources */,
			);
			runOnlyForDeploymentPostprocessing = 0;
		};
		7C41D29D2B73B0760072FEB8 /* Sources */ = {
			isa = PBXSourcesBuildPhase;
			buildActionMask = 2147483647;
			files = (
				7C41D2A62B73B0760072FEB8 /* iTeckTestUITests.swift in Sources */,
				7C41D2A82B73B0760072FEB8 /* iTeckTestUITestsLaunchTests.swift in Sources */,
			);
			runOnlyForDeploymentPostprocessing = 0;
		};
/* End PBXSourcesBuildPhase section */

/* Begin PBXTargetDependency section */
		7C41D2992B73B0760072FEB8 /* PBXTargetDependency */ = {
			isa = PBXTargetDependency;
			target = 7C41D2862B73B0710072FEB8 /* iTeckTest */;
			targetProxy = 7C41D2982B73B0760072FEB8 /* PBXContainerItemProxy */;
		};
		7C41D2A32B73B0760072FEB8 /* PBXTargetDependency */ = {
			isa = PBXTargetDependency;
			target = 7C41D2862B73B0710072FEB8 /* iTeckTest */;
			targetProxy = 7C41D2A22B73B0760072FEB8 /* PBXContainerItemProxy */;
		};
/* End PBXTargetDependency section */

/* Begin XCBuildConfiguration section */
		7C41D2A92B73B0760072FEB8 /* Debug */ = {
			isa = XCBuildConfiguration;
			buildSettings = {
				ALWAYS_SEARCH_USER_PATHS = NO;
				CLANG_ANALYZER_NONNULL = YES;
				CLANG_ANALYZER_NUMBER_OBJECT_CONVERSION = YES_AGGRESSIVE;
				CLANG_CXX_LANGUAGE_STANDARD = "gnu++20";
				CLANG_ENABLE_MODULES = YES;
				CLANG_ENABLE_OBJC_ARC = YES;
				CLANG_ENABLE_OBJC_WEAK = YES;
				CLANG_WARN_BLOCK_CAPTURE_AUTORELEASING = YES;
				CLANG_WARN_BOOL_CONVERSION = YES;
				CLANG_WARN_COMMA = YES;
				CLANG_WARN_CONSTANT_CONVERSION = YES;
				CLANG_WARN_DEPRECATED_OBJC_IMPLEMENTATIONS = YES;
				CLANG_WARN_DIRECT_OBJC_ISA_USAGE = YES_ERROR;
				CLANG_WARN_DOCUMENTATION_COMMENTS = YES;
				CLANG_WARN_EMPTY_BODY = YES;
				CLANG_WARN_ENUM_CONVERSION = YES;
				CLANG_WARN_INFINITE_RECURSION = YES;
				CLANG_WARN_INT_CONVERSION = YES;
				CLANG_WARN_NON_LITERAL_NULL_CONVERSION = YES;
				CLANG_WARN_OBJC_IMPLICIT_RETAIN_SELF = YES;
				CLANG_WARN_OBJC_LITERAL_CONVERSION = YES;
				CLANG_WARN_OBJC_ROOT_CLASS = YES_ERROR;
				CLANG_WARN_QUOTED_INCLUDE_IN_FRAMEWORK_HEADER = YES;
				CLANG_WARN_RANGE_LOOP_ANALYSIS = YES;
				CLANG_WARN_STRICT_PROTOTYPES = YES;
				CLANG_WARN_SUSPICIOUS_MOVE = YES;
				CLANG_WARN_UNGUARDED_AVAILABILITY = YES_AGGRESSIVE;
				CLANG_WARN_UNREACHABLE_CODE = YES;
				CLANG_WARN__DUPLICATE_METHOD_MATCH = YES;
				COPY_PHASE_STRIP = NO;
				DEBUG_INFORMATION_FORMAT = dwarf;
				ENABLE_STRICT_OBJC_MSGSEND = YES;
				ENABLE_TESTABILITY = YES;
				GCC_C_LANGUAGE_STANDARD = gnu11;
				GCC_DYNAMIC_NO_PIC = NO;
				GCC_NO_COMMON_BLOCKS = YES;
				GCC_OPTIMIZATION_LEVEL = 0;
				GCC_PREPROCESSOR_DEFINITIONS = (
					"DEBUG=1",
					"$(inherited)",
				);
				GCC_WARN_64_TO_32_BIT_CONVERSION = YES;
				GCC_WARN_ABOUT_RETURN_TYPE = YES_ERROR;
				GCC_WARN_UNDECLARED_SELECTOR = YES;
				GCC_WARN_UNINITIALIZED_AUTOS = YES_AGGRESSIVE;
				GCC_WARN_UNUSED_FUNCTION = YES;
				GCC_WARN_UNUSED_VARIABLE = YES;
				IPHONEOS_DEPLOYMENT_TARGET = 16.4;
				MTL_ENABLE_DEBUG_INFO = INCLUDE_SOURCE;
				MTL_FAST_MATH = YES;
				ONLY_ACTIVE_ARCH = YES;
				SDKROOT = iphoneos;
				SWIFT_ACTIVE_COMPILATION_CONDITIONS = DEBUG;
				SWIFT_OPTIMIZATION_LEVEL = "-Onone";
			};
			name = Debug;
		};
		7C41D2AA2B73B0760072FEB8 /* Release */ = {
			isa = XCBuildConfiguration;
			buildSettings = {
				ALWAYS_SEARCH_USER_PATHS = NO;
				CLANG_ANALYZER_NONNULL = YES;
				CLANG_ANALYZER_NUMBER_OBJECT_CONVERSION = YES_AGGRESSIVE;
				CLANG_CXX_LANGUAGE_STANDARD = "gnu++20";
				CLANG_ENABLE_MODULES = YES;
				CLANG_ENABLE_OBJC_ARC = YES;
				CLANG_ENABLE_OBJC_WEAK = YES;
				CLANG_WARN_BLOCK_CAPTURE_AUTORELEASING = YES;
				CLANG_WARN_BOOL_CONVERSION = YES;
				CLANG_WARN_COMMA = YES;
				CLANG_WARN_CONSTANT_CONVERSION = YES;
				CLANG_WARN_DEPRECATED_OBJC_IMPLEMENTATIONS = YES;
				CLANG_WARN_DIRECT_OBJC_ISA_USAGE = YES_ERROR;
				CLANG_WARN_DOCUMENTATION_COMMENTS = YES;
				CLANG_WARN_EMPTY_BODY = YES;
				CLANG_WARN_ENUM_CONVERSION = YES;
				CLANG_WARN_INFINITE_RECURSION = YES;
				CLANG_WARN_INT_CONVERSION = YES;
				CLANG_WARN_NON_LITERAL_NULL_CONVERSION = YES;
				CLANG_WARN_OBJC_IMPLICIT_RETAIN_SELF = YES;
				CLANG_WARN_OBJC_LITERAL_CONVERSION = YES;
				CLANG_WARN_OBJC_ROOT_CLASS = YES_ERROR;
				CLANG_WARN_QUOTED_INCLUDE_IN_FRAMEWORK_HEADER = YES;
				CLANG_WARN_RANGE_LOOP_ANALYSIS = YES;
				CLANG_WARN_STRICT_PROTOTYPES = YES;
				CLANG_WARN_SUSPICIOUS_MOVE = YES;
				CLANG_WARN_UNGUARDED_AVAILABILITY = YES_AGGRESSIVE;
				CLANG_WARN_UNREACHABLE_CODE = YES;
				CLANG_WARN__DUPLICATE_METHOD_MATCH = YES;
				COPY_PHASE_STRIP = NO;
				DEBUG_INFORMATION_FORMAT = "dwarf-with-dsym";
				ENABLE_NS_ASSERTIONS = NO;
				ENABLE_STRICT_OBJC_MSGSEND = YES;
				GCC_C_LANGUAGE_STANDARD = gnu11;
				GCC_NO_COMMON_BLOCKS = YES;
				GCC_WARN_64_TO_32_BIT_CONVERSION = YES;
				GCC_WARN_ABOUT_RETURN_TYPE = YES_ERROR;
				GCC_WARN_UNDECLARED_SELECTOR = YES;
				GCC_WARN_UNINITIALIZED_AUTOS = YES_AGGRESSIVE;
				GCC_WARN_UNUSED_FUNCTION = YES;
				GCC_WARN_UNUSED_VARIABLE = YES;
				IPHONEOS_DEPLOYMENT_TARGET = 16.4;
				MTL_ENABLE_DEBUG_INFO = NO;
				MTL_FAST_MATH = YES;
				SDKROOT = iphoneos;
				SWIFT_COMPILATION_MODE = wholemodule;
				SWIFT_OPTIMIZATION_LEVEL = "-O";
				VALIDATE_PRODUCT = YES;
			};
			name = Release;
		};
		7C41D2AC2B73B0760072FEB8 /* Debug */ = {
			isa = XCBuildConfiguration;
			buildSettings = {
				ASSETCATALOG_COMPILER_APPICON_NAME = AppIcon;
				ASSETCATALOG_COMPILER_GLOBAL_ACCENT_COLOR_NAME = AccentColor;
				CODE_SIGN_STYLE = Automatic;
				CURRENT_PROJECT_VERSION = 1;
				DEVELOPMENT_ASSET_PATHS = "\"iTeckTest/Preview Content\"";
				ENABLE_PREVIEWS = YES;
				GENERATE_INFOPLIST_FILE = YES;
				INFOPLIST_KEY_UIApplicationSceneManifest_Generation = YES;
				INFOPLIST_KEY_UIApplicationSupportsIndirectInputEvents = YES;
				INFOPLIST_KEY_UILaunchScreen_Generation = YES;
				INFOPLIST_KEY_UISupportedInterfaceOrientations_iPad = "UIInterfaceOrientationPortrait UIInterfaceOrientationPortraitUpsideDown UIInterfaceOrientationLandscapeLeft UIInterfaceOrientationLandscapeRight";
				INFOPLIST_KEY_UISupportedInterfaceOrientations_iPhone = "UIInterfaceOrientationPortrait UIInterfaceOrientationLandscapeLeft UIInterfaceOrientationLandscapeRight";
				LD_RUNPATH_SEARCH_PATHS = (
					"$(inherited)",
					"@executable_path/Frameworks",
				);
				MARKETING_VERSION = 1.0;
				PRODUCT_BUNDLE_IDENTIFIER = com.noorali.iTeckTest;
				PRODUCT_NAME = "$(TARGET_NAME)";
				SWIFT_EMIT_LOC_STRINGS = YES;
				SWIFT_VERSION = 5.0;
				TARGETED_DEVICE_FAMILY = "1,2";
			};
			name = Debug;
		};
		7C41D2AD2B73B0760072FEB8 /* Release */ = {
			isa = XCBuildConfiguration;
			buildSettings = {
				ASSETCATALOG_COMPILER_APPICON_NAME = AppIcon;
				ASSETCATALOG_COMPILER_GLOBAL_ACCENT_COLOR_NAME = AccentColor;
				CODE_SIGN_STYLE = Automatic;
				CURRENT_PROJECT_VERSION = 1;
				DEVELOPMENT_ASSET_PATHS = "\"iTeckTest/Preview Content\"";
				ENABLE_PREVIEWS = YES;
				GENERATE_INFOPLIST_FILE = YES;
				INFOPLIST_KEY_UIApplicationSceneManifest_Generation = YES;
				INFOPLIST_KEY_UIApplicationSupportsIndirectInputEvents = YES;
				INFOPLIST_KEY_UILaunchScreen_Generation = YES;
				INFOPLIST_KEY_UISupportedInterfaceOrientations_iPad = "UIInterfaceOrientationPortrait UIInterfaceOrientationPortraitUpsideDown UIInterfaceOrientationLandscapeLeft UIInterfaceOrientationLandscapeRight";
				INFOPLIST_KEY_UISupportedInterfaceOrientations_iPhone = "UIInterfaceOrientationPortrait UIInterfaceOrientationLandscapeLeft UIInterfaceOrientationLandscapeRight";
				LD_RUNPATH_SEARCH_PATHS = (
					"$(inherited)",
					"@executable_path/Frameworks",
				);
				MARKETING_VERSION = 1.0;
				PRODUCT_BUNDLE_IDENTIFIER = com.noorali.iTeckTest;
				PRODUCT_NAME = "$(TARGET_NAME)";
				SWIFT_EMIT_LOC_STRINGS = YES;
				SWIFT_VERSION = 5.0;
				TARGETED_DEVICE_FAMILY = "1,2";
			};
			name = Release;
		};
		7C41D2AF2B73B0760072FEB8 /* Debug */ = {
			isa = XCBuildConfiguration;
			buildSettings = {
				ALWAYS_EMBED_SWIFT_STANDARD_LIBRARIES = YES;
				BUNDLE_LOADER = "$(TEST_HOST)";
				CODE_SIGN_STYLE = Automatic;
				CURRENT_PROJECT_VERSION = 1;
				GENERATE_INFOPLIST_FILE = YES;
				IPHONEOS_DEPLOYMENT_TARGET = 16.4;
				MARKETING_VERSION = 1.0;
				PRODUCT_BUNDLE_IDENTIFIER = com.noorali.iTeckTestTests;
				PRODUCT_NAME = "$(TARGET_NAME)";
				SWIFT_EMIT_LOC_STRINGS = NO;
				SWIFT_VERSION = 5.0;
				TARGETED_DEVICE_FAMILY = "1,2";
				TEST_HOST = "$(BUILT_PRODUCTS_DIR)/iTeckTest.app/$(BUNDLE_EXECUTABLE_FOLDER_PATH)/iTeckTest";
			};
			name = Debug;
		};
		7C41D2B02B73B0760072FEB8 /* Release */ = {
			isa = XCBuildConfiguration;
			buildSettings = {
				ALWAYS_EMBED_SWIFT_STANDARD_LIBRARIES = YES;
				BUNDLE_LOADER = "$(TEST_HOST)";
				CODE_SIGN_STYLE = Automatic;
				CURRENT_PROJECT_VERSION = 1;
				GENERATE_INFOPLIST_FILE = YES;
				IPHONEOS_DEPLOYMENT_TARGET = 16.4;
				MARKETING_VERSION = 1.0;
				PRODUCT_BUNDLE_IDENTIFIER = com.noorali.iTeckTestTests;
				PRODUCT_NAME = "$(TARGET_NAME)";
				SWIFT_EMIT_LOC_STRINGS = NO;
				SWIFT_VERSION = 5.0;
				TARGETED_DEVICE_FAMILY = "1,2";
				TEST_HOST = "$(BUILT_PRODUCTS_DIR)/iTeckTest.app/$(BUNDLE_EXECUTABLE_FOLDER_PATH)/iTeckTest";
			};
			name = Release;
		};
		7C41D2B22B73B0760072FEB8 /* Debug */ = {
			isa = XCBuildConfiguration;
			buildSettings = {
				ALWAYS_EMBED_SWIFT_STANDARD_LIBRARIES = YES;
				CODE_SIGN_STYLE = Automatic;
				CURRENT_PROJECT_VERSION = 1;
				GENERATE_INFOPLIST_FILE = YES;
				MARKETING_VERSION = 1.0;
				PRODUCT_BUNDLE_IDENTIFIER = com.noorali.iTeckTestUITests;
				PRODUCT_NAME = "$(TARGET_NAME)";
				SWIFT_EMIT_LOC_STRINGS = NO;
				SWIFT_VERSION = 5.0;
				TARGETED_DEVICE_FAMILY = "1,2";
				TEST_TARGET_NAME = iTeckTest;
			};
			name = Debug;
		};
		7C41D2B32B73B0760072FEB8 /* Release */ = {
			isa = XCBuildConfiguration;
			buildSettings = {
				ALWAYS_EMBED_SWIFT_STANDARD_LIBRARIES = YES;
				CODE_SIGN_STYLE = Automatic;
				CURRENT_PROJECT_VERSION = 1;
				GENERATE_INFOPLIST_FILE = YES;
				MARKETING_VERSION = 1.0;
				PRODUCT_BUNDLE_IDENTIFIER = com.noorali.iTeckTestUITests;
				PRODUCT_NAME = "$(TARGET_NAME)";
				SWIFT_EMIT_LOC_STRINGS = NO;
				SWIFT_VERSION = 5.0;
				TARGETED_DEVICE_FAMILY = "1,2";
				TEST_TARGET_NAME = iTeckTest;
			};
			name = Release;
		};
/* End XCBuildConfiguration section */

/* Begin XCConfigurationList section */
		7C41D2822B73B0710072FEB8 /* Build configuration list for PBXProject "iTeckTest" */ = {
			isa = XCConfigurationList;
			buildConfigurations = (
				7C41D2A92B73B0760072FEB8 /* Debug */,
				7C41D2AA2B73B0760072FEB8 /* Release */,
			);
			defaultConfigurationIsVisible = 0;
			defaultConfigurationName = Release;
		};
		7C41D2AB2B73B0760072FEB8 /* Build configuration list for PBXNativeTarget "iTeckTest" */ = {
			isa = XCConfigurationList;
			buildConfigurations = (
				7C41D2AC2B73B0760072FEB8 /* Debug */,
				7C41D2AD2B73B0760072FEB8 /* Release */,
			);
			defaultConfigurationIsVisible = 0;
			defaultConfigurationName = Release;
		};
		7C41D2AE2B73B0760072FEB8 /* Build configuration list for PBXNativeTarget "iTeckTestTests" */ = {
			isa = XCConfigurationList;
			buildConfigurations = (
				7C41D2AF2B73B0760072FEB8 /* Debug */,
				7C41D2B02B73B0760072FEB8 /* Release */,
			);
			defaultConfigurationIsVisible = 0;
			defaultConfigurationName = Release;
		};
		7C41D2B12B73B0760072FEB8 /* Build configuration list for PBXNativeTarget "iTeckTestUITests" */ = {
			isa = XCConfigurationList;
			buildConfigurations = (
				7C41D2B22B73B0760072FEB8 /* Debug */,
				7C41D2B32B73B0760072FEB8 /* Release */,
			);
			defaultConfigurationIsVisible = 0;
			defaultConfigurationName = Release;
		};
/* End XCConfigurationList section */
	};
	rootObject = 7C41D27F2B73B0710072FEB8 /* Project object */;
}
